<Solution>
  <Project Path="UniTask.csproj" />
  <Project Path="LeanCommon.csproj" />
  <Project Path="UniTask.Linq.csproj" />
  <Project Path="Assembly-CSharp.csproj" />
  <Project Path="UniTask.Addressables.csproj" />
  <Project Path="CW.Common.csproj" />
  <Project Path="Assembly-CSharp-Editor.csproj" />
  <Project Path="UniTask.TextMeshPro.csproj" />
  <Project Path="LeanPool.csproj" />
  <Project Path="UniTask.Editor.csproj" />
  <Project Path="UniTask.DOTween.csproj" />
</Solution>
